
Microsoft Visual Studio Solution File, Format Version 12.00
# Visual Studio Version 17
VisualStudioVersion = 17.6.33815.320
MinimumVisualStudioVersion = 10.0.40219.1
Project("{FAE04EC0-301F-11D3-BF4B-00C04F79EFBC}") = "Syntax Sugar", "Syntax Sugar.csproj", "{B71C5671-9096-4375-90B8-738E7DE3D6E8}"
EndProject
Global
	GlobalSection(SolutionConfigurationPlatforms) = preSolution
		Debug|Any CPU = Debug|Any CPU
		Release|Any CPU = Release|Any CPU
	EndGlobalSection
	GlobalSection(ProjectConfigurationPlatforms) = postSolution
		{B71C5671-9096-4375-90B8-738E7DE3D6E8}.Debug|Any CPU.ActiveCfg = Debug|Any CPU
		{B71C5671-9096-4375-90B8-738E7DE3D6E8}.Debug|Any CPU.Build.0 = Debug|Any CPU
		{B71C5671-9096-4375-90B8-738E7DE3D6E8}.Release|Any CPU.ActiveCfg = Release|Any CPU
		{B71C5671-9096-4375-90B8-738E7DE3D6E8}.Release|Any CPU.Build.0 = Release|Any CPU
	EndGlobalSection
	GlobalSection(SolutionProperties) = preSolution
		HideSolutionNode = FALSE
	EndGlobalSection
	GlobalSection(ExtensibilityGlobals) = postSolution
		SolutionGuid = {63412E02-E875-4189-B9E9-D699FD4E0467}
	EndGlobalSection
EndGlobal
